// !$*UTF8*$!
{
	archiveVersion = 1;
	classes = {
	};
	objectVersion = 55;
	objects = {

/* Begin PBXBuildFile section */
		67CD14E028CCD2CF0058A07A /* RWPickFlavor.docc in Sources */ = {isa = PBXBuildFile; fileRef = 67CD14DF28CCD2CF0058A07A /* RWPickFlavor.docc */; };
		67CD14E628CCD2D00058A07A /* RWPickFlavor.framework in Frameworks */ = {isa = PBXBuildFile; fileRef = 67CD14DB28CCD2CF0058A07A /* RWPickFlavor.framework */; };
		67CD14EB28CCD2D00058A07A /* RWPickFlavorTests.swift in Sources */ = {isa = PBXBuildFile; fileRef = 67CD14EA28CCD2D00058A07A /* RWPickFlavorTests.swift */; };
		67CD14EC28CCD2D00058A07A /* RWPickFlavor.h in Headers */ = {isa = PBXBuildFile; fileRef = 67CD14DE28CCD2CF0058A07A /* RWPickFlavor.h */; settings = {ATTRIBUTES = (Public, ); }; };
		67CD14FC28CCD8980058A07A /* PickFlavorViewController.swift in Sources */ = {isa = PBXBuildFile; fileRef = 67CD14FB28CCD8980058A07A /* PickFlavorViewController.swift */; };
		67CD150128CCD92E0058A07A /* ScoopCell.swift in Sources */ = {isa = PBXBuildFile; fileRef = 67CD14FF28CCD92E0058A07A /* ScoopCell.swift */; };
		67CD150228CCD92E0058A07A /* ScoopView.swift in Sources */ = {isa = PBXBuildFile; fileRef = 67CD150028CCD92E0058A07A /* ScoopView.swift */; };
		67CD150428CCD9450058A07A /* IceCreamView.swift in Sources */ = {isa = PBXBuildFile; fileRef = 67CD150328CCD9450058A07A /* IceCreamView.swift */; };
		67CD150828CCD9740058A07A /* Main.storyboard in Resources */ = {isa = PBXBuildFile; fileRef = 67CD150728CCD9740058A07A /* Main.storyboard */; };
		67CD150A28CCD9B10058A07A /* Images.xcassets in Resources */ = {isa = PBXBuildFile; fileRef = 67CD150928CCD9B00058A07A /* Images.xcassets */; };
		67CD150C28CCD9BF0058A07A /* Flavor.swift in Sources */ = {isa = PBXBuildFile; fileRef = 67CD150B28CCD9BF0058A07A /* Flavor.swift */; };
		67CD150E28CCD9D80058A07A /* UIColor+RGBA.swift in Sources */ = {isa = PBXBuildFile; fileRef = 67CD150D28CCD9D80058A07A /* UIColor+RGBA.swift */; };
		67CD151128CCDBFE0058A07A /* FlavorFactory.swift in Sources */ = {isa = PBXBuildFile; fileRef = 67CD151028CCDBFE0058A07A /* FlavorFactory.swift */; };
		D9A60CD45D78AEC4EC0CCF41 /* libPods-RWPickFlavor.a in Frameworks */ = {isa = PBXBuildFile; fileRef = F30417F8FC2C4045C9B6865E /* libPods-RWPickFlavor.a */; };
/* End PBXBuildFile section */

/* Begin PBXContainerItemProxy section */
		67CD14E728CCD2D00058A07A /* PBXContainerItemProxy */ = {
			isa = PBXContainerItemProxy;
			containerPortal = 67CD14D228CCD2CF0058A07A /* Project object */;
			proxyType = 1;
			remoteGlobalIDString = 67CD14DA28CCD2CF0058A07A;
			remoteInfo = RWPickFlavor;
		};
/* End PBXContainerItemProxy section */

/* Begin PBXFileReference section */
		4F259AA6466FEC17D8180C0E /* Pods-RWPickFlavor.debug.xcconfig */ = {isa = PBXFileReference; includeInIndex = 1; lastKnownFileType = text.xcconfig; name = "Pods-RWPickFlavor.debug.xcconfig"; path = "Target Support Files/Pods-RWPickFlavor/Pods-RWPickFlavor.debug.xcconfig"; sourceTree = "<group>"; };
		67CD14DB28CCD2CF0058A07A /* RWPickFlavor.framework */ = {isa = PBXFileReference; explicitFileType = wrapper.framework; includeInIndex = 0; path = RWPickFlavor.framework; sourceTree = BUILT_PRODUCTS_DIR; };
		67CD14DE28CCD2CF0058A07A /* RWPickFlavor.h */ = {isa = PBXFileReference; lastKnownFileType = sourcecode.c.h; path = RWPickFlavor.h; sourceTree = "<group>"; };
		67CD14DF28CCD2CF0058A07A /* RWPickFlavor.docc */ = {isa = PBXFileReference; lastKnownFileType = folder.documentationcatalog; path = RWPickFlavor.docc; sourceTree = "<group>"; };
		67CD14E528CCD2D00058A07A /* RWPickFlavorTests.xctest */ = {isa = PBXFileReference; explicitFileType = wrapper.cfbundle; includeInIndex = 0; path = RWPickFlavorTests.xctest; sourceTree = BUILT_PRODUCTS_DIR; };
		67CD14EA28CCD2D00058A07A /* RWPickFlavorTests.swift */ = {isa = PBXFileReference; lastKnownFileType = sourcecode.swift; path = RWPickFlavorTests.swift; sourceTree = "<group>"; };
		67CD14FB28CCD8980058A07A /* PickFlavorViewController.swift */ = {isa = PBXFileReference; fileEncoding = 4; lastKnownFileType = sourcecode.swift; path = PickFlavorViewController.swift; sourceTree = "<group>"; };
		67CD14FF28CCD92E0058A07A /* ScoopCell.swift */ = {isa = PBXFileReference; fileEncoding = 4; lastKnownFileType = sourcecode.swift; path = ScoopCell.swift; sourceTree = "<group>"; };
		67CD150028CCD92E0058A07A /* ScoopView.swift */ = {isa = PBXFileReference; fileEncoding = 4; lastKnownFileType = sourcecode.swift; path = ScoopView.swift; sourceTree = "<group>"; };
		67CD150328CCD9450058A07A /* IceCreamView.swift */ = {isa = PBXFileReference; fileEncoding = 4; lastKnownFileType = sourcecode.swift; path = IceCreamView.swift; sourceTree = "<group>"; };
		67CD150728CCD9740058A07A /* Main.storyboard */ = {isa = PBXFileReference; fileEncoding = 4; lastKnownFileType = file.storyboard; path = Main.storyboard; sourceTree = "<group>"; };
		67CD150928CCD9B00058A07A /* Images.xcassets */ = {isa = PBXFileReference; lastKnownFileType = folder.assetcatalog; path = Images.xcassets; sourceTree = "<group>"; };
		67CD150B28CCD9BF0058A07A /* Flavor.swift */ = {isa = PBXFileReference; fileEncoding = 4; lastKnownFileType = sourcecode.swift; path = Flavor.swift; sourceTree = "<group>"; };
		67CD150D28CCD9D80058A07A /* UIColor+RGBA.swift */ = {isa = PBXFileReference; fileEncoding = 4; lastKnownFileType = sourcecode.swift; path = "UIColor+RGBA.swift"; sourceTree = "<group>"; };
		67CD151028CCDBFE0058A07A /* FlavorFactory.swift */ = {isa = PBXFileReference; fileEncoding = 4; lastKnownFileType = sourcecode.swift; path = FlavorFactory.swift; sourceTree = "<group>"; };
		961FE76CA6CF5A52555C8DB4 /* Pods-RWPickFlavor.release.xcconfig */ = {isa = PBXFileReference; includeInIndex = 1; lastKnownFileType = text.xcconfig; name = "Pods-RWPickFlavor.release.xcconfig"; path = "Target Support Files/Pods-RWPickFlavor/Pods-RWPickFlavor.release.xcconfig"; sourceTree = "<group>"; };
		F30417F8FC2C4045C9B6865E /* libPods-RWPickFlavor.a */ = {isa = PBXFileReference; explicitFileType = archive.ar; includeInIndex = 0; path = "libPods-RWPickFlavor.a"; sourceTree = BUILT_PRODUCTS_DIR; };
/* End PBXFileReference section */

/* Begin PBXFrameworksBuildPhase section */
		67CD14D828CCD2CF0058A07A /* Frameworks */ = {
			isa = PBXFrameworksBuildPhase;
			buildActionMask = 2147483647;
			files = (
				D9A60CD45D78AEC4EC0CCF41 /* libPods-RWPickFlavor.a in Frameworks */,
			);
			runOnlyForDeploymentPostprocessing = 0;
		};
		67CD14E228CCD2D00058A07A /* Frameworks */ = {
			isa = PBXFrameworksBuildPhase;
			buildActionMask = 2147483647;
			files = (
				67CD14E628CCD2D00058A07A /* RWPickFlavor.framework in Frameworks */,
			);
			runOnlyForDeploymentPostprocessing = 0;
		};
/* End PBXFrameworksBuildPhase section */

/* Begin PBXGroup section */
		67CD14D128CCD2CF0058A07A = {
			isa = PBXGroup;
			children = (
				67CD14DD28CCD2CF0058A07A /* RWPickFlavor */,
				67CD14E928CCD2D00058A07A /* RWPickFlavorTests */,
				67CD14DC28CCD2CF0058A07A /* Products */,
				BB965E476C6CAD52BF3A75FE /* Pods */,
				AEF7D9A14A75381F36F6DA70 /* Frameworks */,
			);
			sourceTree = "<group>";
		};
		67CD14DC28CCD2CF0058A07A /* Products */ = {
			isa = PBXGroup;
			children = (
				67CD14DB28CCD2CF0058A07A /* RWPickFlavor.framework */,
				67CD14E528CCD2D00058A07A /* RWPickFlavorTests.xctest */,
			);
			name = Products;
			sourceTree = "<group>";
		};
		67CD14DD28CCD2CF0058A07A /* RWPickFlavor */ = {
			isa = PBXGroup;
			children = (
				67CD150F28CCDBF60058A07A /* Factories */,
				67CD14FA28CCD7F50058A07A /* Views */,
				67CD14F928CCD7E40058A07A /* Resources */,
				67CD14F828CCD7D80058A07A /* Models */,
				67CD14F728CCD7C10058A07A /* Controllers */,
				67CD14F528CCD7AE0058A07A /* Categories */,
				67CD14DE28CCD2CF0058A07A /* RWPickFlavor.h */,
				67CD14DF28CCD2CF0058A07A /* RWPickFlavor.docc */,
			);
			path = RWPickFlavor;
			sourceTree = "<group>";
		};
		67CD14E928CCD2D00058A07A /* RWPickFlavorTests */ = {
			isa = PBXGroup;
			children = (
				67CD14EA28CCD2D00058A07A /* RWPickFlavorTests.swift */,
			);
			path = RWPickFlavorTests;
			sourceTree = "<group>";
		};
		67CD14F528CCD7AE0058A07A /* Categories */ = {
			isa = PBXGroup;
			children = (
				67CD150D28CCD9D80058A07A /* UIColor+RGBA.swift */,
			);
			path = Categories;
			sourceTree = "<group>";
		};
		67CD14F728CCD7C10058A07A /* Controllers */ = {
			isa = PBXGroup;
			children = (
				67CD14FB28CCD8980058A07A /* PickFlavorViewController.swift */,
			);
			path = Controllers;
			sourceTree = "<group>";
		};
		67CD14F828CCD7D80058A07A /* Models */ = {
			isa = PBXGroup;
			children = (
				67CD150B28CCD9BF0058A07A /* Flavor.swift */,
			);
			path = Models;
			sourceTree = "<group>";
		};
		67CD14F928CCD7E40058A07A /* Resources */ = {
			isa = PBXGroup;
			children = (
				67CD150928CCD9B00058A07A /* Images.xcassets */,
			);
			path = Resources;
			sourceTree = "<group>";
		};
		67CD14FA28CCD7F50058A07A /* Views */ = {
			isa = PBXGroup;
			children = (
				67CD14FE28CCD8DE0058A07A /* Storyboards & Nibs */,
				67CD14FD28CCD8D10058A07A /* Ice Cream */,
			);
			path = Views;
			sourceTree = "<group>";
		};
		67CD14FD28CCD8D10058A07A /* Ice Cream */ = {
			isa = PBXGroup;
			children = (
				67CD150328CCD9450058A07A /* IceCreamView.swift */,
				67CD14FF28CCD92E0058A07A /* ScoopCell.swift */,
				67CD150028CCD92E0058A07A /* ScoopView.swift */,
			);
			path = "Ice Cream";
			sourceTree = "<group>";
		};
		67CD14FE28CCD8DE0058A07A /* Storyboards & Nibs */ = {
			isa = PBXGroup;
			children = (
				67CD150728CCD9740058A07A /* Main.storyboard */,
			);
			path = "Storyboards & Nibs";
			sourceTree = "<group>";
		};
		67CD150F28CCDBF60058A07A /* Factories */ = {
			isa = PBXGroup;
			children = (
				67CD151028CCDBFE0058A07A /* FlavorFactory.swift */,
			);
			path = Factories;
			sourceTree = "<group>";
		};
		AEF7D9A14A75381F36F6DA70 /* Frameworks */ = {
			isa = PBXGroup;
			children = (
				F30417F8FC2C4045C9B6865E /* libPods-RWPickFlavor.a */,
			);
			name = Frameworks;
			sourceTree = "<group>";
		};
		BB965E476C6CAD52BF3A75FE /* Pods */ = {
			isa = PBXGroup;
			children = (
				4F259AA6466FEC17D8180C0E /* Pods-RWPickFlavor.debug.xcconfig */,
				961FE76CA6CF5A52555C8DB4 /* Pods-RWPickFlavor.release.xcconfig */,
			);
			path = Pods;
			sourceTree = "<group>";
		};
/* End PBXGroup section */

/* Begin PBXHeadersBuildPhase section */
		67CD14D628CCD2CF0058A07A /* Headers */ = {
			isa = PBXHeadersBuildPhase;
			buildActionMask = 2147483647;
			files = (
				67CD14EC28CCD2D00058A07A /* RWPickFlavor.h in Headers */,
			);
			runOnlyForDeploymentPostprocessing = 0;
		};
/* End PBXHeadersBuildPhase section */

/* Begin PBXNativeTarget section */
		67CD14DA28CCD2CF0058A07A /* RWPickFlavor */ = {
			isa = PBXNativeTarget;
			buildConfigurationList = 67CD14EF28CCD2D00058A07A /* Build configuration list for PBXNativeTarget "RWPickFlavor" */;
			buildPhases = (
				93E5E1A09CC124EE46356FF2 /* [CP] Check Pods Manifest.lock */,
				67CD14D628CCD2CF0058A07A /* Headers */,
				67CD14D728CCD2CF0058A07A /* Sources */,
				67CD14D828CCD2CF0058A07A /* Frameworks */,
				67CD14D928CCD2CF0058A07A /* Resources */,
			);
			buildRules = (
			);
			dependencies = (
			);
			name = RWPickFlavor;
			productName = RWPickFlavor;
			productReference = 67CD14DB28CCD2CF0058A07A /* RWPickFlavor.framework */;
			productType = "com.apple.product-type.framework";
		};
		67CD14E428CCD2D00058A07A /* RWPickFlavorTests */ = {
			isa = PBXNativeTarget;
			buildConfigurationList = 67CD14F228CCD2D00058A07A /* Build configuration list for PBXNativeTarget "RWPickFlavorTests" */;
			buildPhases = (
				67CD14E128CCD2D00058A07A /* Sources */,
				67CD14E228CCD2D00058A07A /* Frameworks */,
				67CD14E328CCD2D00058A07A /* Resources */,
			);
			buildRules = (
			);
			dependencies = (
				67CD14E828CCD2D00058A07A /* PBXTargetDependency */,
			);
			name = RWPickFlavorTests;
			productName = RWPickFlavorTests;
			productReference = 67CD14E528CCD2D00058A07A /* RWPickFlavorTests.xctest */;
			productType = "com.apple.product-type.bundle.unit-test";
		};
/* End PBXNativeTarget section */

/* Begin PBXProject section */
		67CD14D228CCD2CF0058A07A /* Project object */ = {
			isa = PBXProject;
			attributes = {
				BuildIndependentTargetsInParallel = 1;
				LastSwiftUpdateCheck = 1340;
				LastUpgradeCheck = 1340;
				TargetAttributes = {
					67CD14DA28CCD2CF0058A07A = {
						CreatedOnToolsVersion = 13.4.1;
					};
					67CD14E428CCD2D00058A07A = {
						CreatedOnToolsVersion = 13.4.1;
					};
				};
			};
			buildConfigurationList = 67CD14D528CCD2CF0058A07A /* Build configuration list for PBXProject "RWPickFlavor" */;
			compatibilityVersion = "Xcode 13.0";
			developmentRegion = en;
			hasScannedForEncodings = 0;
			knownRegions = (
				en,
				Base,
			);
			mainGroup = 67CD14D128CCD2CF0058A07A;
			productRefGroup = 67CD14DC28CCD2CF0058A07A /* Products */;
			projectDirPath = "";
			projectRoot = "";
			targets = (
				67CD14DA28CCD2CF0058A07A /* RWPickFlavor */,
				67CD14E428CCD2D00058A07A /* RWPickFlavorTests */,
			);
		};
/* End PBXProject section */

/* Begin PBXResourcesBuildPhase section */
		67CD14D928CCD2CF0058A07A /* Resources */ = {
			isa = PBXResourcesBuildPhase;
			buildActionMask = 2147483647;
			files = (
				67CD150A28CCD9B10058A07A /* Images.xcassets in Resources */,
				67CD150828CCD9740058A07A /* Main.storyboard in Resources */,
			);
			runOnlyForDeploymentPostprocessing = 0;
		};
		67CD14E328CCD2D00058A07A /* Resources */ = {
			isa = PBXResourcesBuildPhase;
			buildActionMask = 2147483647;
			files = (
			);
			runOnlyForDeploymentPostprocessing = 0;
		};
/* End PBXResourcesBuildPhase section */

/* Begin PBXShellScriptBuildPhase section */
		93E5E1A09CC124EE46356FF2 /* [CP] Check Pods Manifest.lock */ = {
			isa = PBXShellScriptBuildPhase;
			buildActionMask = 2147483647;
			files = (
			);
			inputFileListPaths = (
			);
			inputPaths = (
				"${PODS_PODFILE_DIR_PATH}/Podfile.lock",
				"${PODS_ROOT}/Manifest.lock",
			);
			name = "[CP] Check Pods Manifest.lock";
			outputFileListPaths = (
			);
			outputPaths = (
				"$(DERIVED_FILE_DIR)/Pods-RWPickFlavor-checkManifestLockResult.txt",
			);
			runOnlyForDeploymentPostprocessing = 0;
			shellPath = /bin/sh;
			shellScript = "diff \"${PODS_PODFILE_DIR_PATH}/Podfile.lock\" \"${PODS_ROOT}/Manifest.lock\" > /dev/null\nif [ $? != 0 ] ; then\n    # print error to STDERR\n    echo \"error: The sandbox is not in sync with the Podfile.lock. Run 'pod install' or update your CocoaPods installation.\" >&2\n    exit 1\nfi\n# This output is used by Xcode 'outputs' to avoid re-running this script phase.\necho \"SUCCESS\" > \"${SCRIPT_OUTPUT_FILE_0}\"\n";
			showEnvVarsInLog = 0;
		};
/* End PBXShellScriptBuildPhase section */

/* Begin PBXSourcesBuildPhase section */
		67CD14D728CCD2CF0058A07A /* Sources */ = {
			isa = PBXSourcesBuildPhase;
			buildActionMask = 2147483647;
			files = (
				67CD151128CCDBFE0058A07A /* FlavorFactory.swift in Sources */,
				67CD150128CCD92E0058A07A /* ScoopCell.swift in Sources */,
				67CD150E28CCD9D80058A07A /* UIColor+RGBA.swift in Sources */,
				67CD150228CCD92E0058A07A /* ScoopView.swift in Sources */,
				67CD14E028CCD2CF0058A07A /* RWPickFlavor.docc in Sources */,
				67CD150C28CCD9BF0058A07A /* Flavor.swift in Sources */,
				67CD150428CCD9450058A07A /* IceCreamView.swift in Sources */,
				67CD14FC28CCD8980058A07A /* PickFlavorViewController.swift in Sources */,
			);
			runOnlyForDeploymentPostprocessing = 0;
		};
		67CD14E128CCD2D00058A07A /* Sources */ = {
			isa = PBXSourcesBuildPhase;
			buildActionMask = 2147483647;
			files = (
				67CD14EB28CCD2D00058A07A /* RWPickFlavorTests.swift in Sources */,
			);
			runOnlyForDeploymentPostprocessing = 0;
		};
/* End PBXSourcesBuildPhase section */

/* Begin PBXTargetDependency section */
		67CD14E828CCD2D00058A07A /* PBXTargetDependency */ = {
			isa = PBXTargetDependency;
			target = 67CD14DA28CCD2CF0058A07A /* RWPickFlavor */;
			targetProxy = 67CD14E728CCD2D00058A07A /* PBXContainerItemProxy */;
		};
/* End PBXTargetDependency section */

/* Begin XCBuildConfiguration section */
		67CD14ED28CCD2D00058A07A /* Debug */ = {
			isa = XCBuildConfiguration;
			buildSettings = {
				ALWAYS_SEARCH_USER_PATHS = NO;
				CLANG_ANALYZER_NONNULL = YES;
				CLANG_ANALYZER_NUMBER_OBJECT_CONVERSION = YES_AGGRESSIVE;
				CLANG_CXX_LANGUAGE_STANDARD = "gnu++17";
				CLANG_ENABLE_MODULES = YES;
				CLANG_ENABLE_OBJC_ARC = YES;
				CLANG_ENABLE_OBJC_WEAK = YES;
				CLANG_WARN_BLOCK_CAPTURE_AUTORELEASING = YES;
				CLANG_WARN_BOOL_CONVERSION = YES;
				CLANG_WARN_COMMA = YES;
				CLANG_WARN_CONSTANT_CONVERSION = YES;
				CLANG_WARN_DEPRECATED_OBJC_IMPLEMENTATIONS = YES;
				CLANG_WARN_DIRECT_OBJC_ISA_USAGE = YES_ERROR;
				CLANG_WARN_DOCUMENTATION_COMMENTS = YES;
				CLANG_WARN_EMPTY_BODY = YES;
				CLANG_WARN_ENUM_CONVERSION = YES;
				CLANG_WARN_INFINITE_RECURSION = YES;
				CLANG_WARN_INT_CONVERSION = YES;
				CLANG_WARN_NON_LITERAL_NULL_CONVERSION = YES;
				CLANG_WARN_OBJC_IMPLICIT_RETAIN_SELF = YES;
				CLANG_WARN_OBJC_LITERAL_CONVERSION = YES;
				CLANG_WARN_OBJC_ROOT_CLASS = YES_ERROR;
				CLANG_WARN_QUOTED_INCLUDE_IN_FRAMEWORK_HEADER = YES;
				CLANG_WARN_RANGE_LOOP_ANALYSIS = YES;
				CLANG_WARN_STRICT_PROTOTYPES = YES;
				CLANG_WARN_SUSPICIOUS_MOVE = YES;
				CLANG_WARN_UNGUARDED_AVAILABILITY = YES_AGGRESSIVE;
				CLANG_WARN_UNREACHABLE_CODE = YES;
				CLANG_WARN__DUPLICATE_METHOD_MATCH = YES;
				COPY_PHASE_STRIP = NO;
				CURRENT_PROJECT_VERSION = 1;
				DEBUG_INFORMATION_FORMAT = dwarf;
				ENABLE_STRICT_OBJC_MSGSEND = YES;
				ENABLE_TESTABILITY = YES;
				GCC_C_LANGUAGE_STANDARD = gnu11;
				GCC_DYNAMIC_NO_PIC = NO;
				GCC_NO_COMMON_BLOCKS = YES;
				GCC_OPTIMIZATION_LEVEL = 0;
				GCC_PREPROCESSOR_DEFINITIONS = (
					"DEBUG=1",
					"$(inherited)",
				);
				GCC_WARN_64_TO_32_BIT_CONVERSION = YES;
				GCC_WARN_ABOUT_RETURN_TYPE = YES_ERROR;
				GCC_WARN_UNDECLARED_SELECTOR = YES;
				GCC_WARN_UNINITIALIZED_AUTOS = YES_AGGRESSIVE;
				GCC_WARN_UNUSED_FUNCTION = YES;
				GCC_WARN_UNUSED_VARIABLE = YES;
				IPHONEOS_DEPLOYMENT_TARGET = 12.0;
				MTL_ENABLE_DEBUG_INFO = INCLUDE_SOURCE;
				MTL_FAST_MATH = YES;
				ONLY_ACTIVE_ARCH = YES;
				SDKROOT = iphoneos;
				SWIFT_ACTIVE_COMPILATION_CONDITIONS = DEBUG;
				SWIFT_OPTIMIZATION_LEVEL = "-Onone";
				VERSIONING_SYSTEM = "apple-generic";
				VERSION_INFO_PREFIX = "";
			};
			name = Debug;
		};
		67CD14EE28CCD2D00058A07A /* Release */ = {
			isa = XCBuildConfiguration;
			buildSettings = {
				ALWAYS_SEARCH_USER_PATHS = NO;
				CLANG_ANALYZER_NONNULL = YES;
				CLANG_ANALYZER_NUMBER_OBJECT_CONVERSION = YES_AGGRESSIVE;
				CLANG_CXX_LANGUAGE_STANDARD = "gnu++17";
				CLANG_ENABLE_MODULES = YES;
				CLANG_ENABLE_OBJC_ARC = YES;
				CLANG_ENABLE_OBJC_WEAK = YES;
				CLANG_WARN_BLOCK_CAPTURE_AUTORELEASING = YES;
				CLANG_WARN_BOOL_CONVERSION = YES;
				CLANG_WARN_COMMA = YES;
				CLANG_WARN_CONSTANT_CONVERSION = YES;
				CLANG_WARN_DEPRECATED_OBJC_IMPLEMENTATIONS = YES;
				CLANG_WARN_DIRECT_OBJC_ISA_USAGE = YES_ERROR;
				CLANG_WARN_DOCUMENTATION_COMMENTS = YES;
				CLANG_WARN_EMPTY_BODY = YES;
				CLANG_WARN_ENUM_CONVERSION = YES;
				CLANG_WARN_INFINITE_RECURSION = YES;
				CLANG_WARN_INT_CONVERSION = YES;
				CLANG_WARN_NON_LITERAL_NULL_CONVERSION = YES;
				CLANG_WARN_OBJC_IMPLICIT_RETAIN_SELF = YES;
				CLANG_WARN_OBJC_LITERAL_CONVERSION = YES;
				CLANG_WARN_OBJC_ROOT_CLASS = YES_ERROR;
				CLANG_WARN_QUOTED_INCLUDE_IN_FRAMEWORK_HEADER = YES;
				CLANG_WARN_RANGE_LOOP_ANALYSIS = YES;
				CLANG_WARN_STRICT_PROTOTYPES = YES;
				CLANG_WARN_SUSPICIOUS_MOVE = YES;
				CLANG_WARN_UNGUARDED_AVAILABILITY = YES_AGGRESSIVE;
				CLANG_WARN_UNREACHABLE_CODE = YES;
				CLANG_WARN__DUPLICATE_METHOD_MATCH = YES;
				COPY_PHASE_STRIP = NO;
				CURRENT_PROJECT_VERSION = 1;
				DEBUG_INFORMATION_FORMAT = "dwarf-with-dsym";
				ENABLE_NS_ASSERTIONS = NO;
				ENABLE_STRICT_OBJC_MSGSEND = YES;
				GCC_C_LANGUAGE_STANDARD = gnu11;
				GCC_NO_COMMON_BLOCKS = YES;
				GCC_WARN_64_TO_32_BIT_CONVERSION = YES;
				GCC_WARN_ABOUT_RETURN_TYPE = YES_ERROR;
				GCC_WARN_UNDECLARED_SELECTOR = YES;
				GCC_WARN_UNINITIALIZED_AUTOS = YES_AGGRESSIVE;
				GCC_WARN_UNUSED_FUNCTION = YES;
				GCC_WARN_UNUSED_VARIABLE = YES;
				IPHONEOS_DEPLOYMENT_TARGET = 12.0;
				MTL_ENABLE_DEBUG_INFO = NO;
				MTL_FAST_MATH = YES;
				SDKROOT = iphoneos;
				SWIFT_COMPILATION_MODE = wholemodule;
				SWIFT_OPTIMIZATION_LEVEL = "-O";
				VALIDATE_PRODUCT = YES;
				VERSIONING_SYSTEM = "apple-generic";
				VERSION_INFO_PREFIX = "";
			};
			name = Release;
		};
		67CD14F028CCD2D00058A07A /* Debug */ = {
			isa = XCBuildConfiguration;
			baseConfigurationReference = 4F259AA6466FEC17D8180C0E /* Pods-RWPickFlavor.debug.xcconfig */;
			buildSettings = {
				CODE_SIGN_STYLE = Automatic;
				CURRENT_PROJECT_VERSION = 1;
				DEFINES_MODULE = YES;
				DEVELOPMENT_TEAM = 89QX5CKR8C;
				DYLIB_COMPATIBILITY_VERSION = 1;
				DYLIB_CURRENT_VERSION = 1;
				DYLIB_INSTALL_NAME_BASE = "@rpath";
				GENERATE_INFOPLIST_FILE = YES;
				INFOPLIST_KEY_NSHumanReadableCopyright = "";
				INSTALL_PATH = "$(LOCAL_LIBRARY_DIR)/Frameworks";
				LD_RUNPATH_SEARCH_PATHS = (
					"$(inherited)",
					"@executable_path/Frameworks",
					"@loader_path/Frameworks",
				);
				MARKETING_VERSION = 1.0;
				PRODUCT_BUNDLE_IDENTIFIER = com.NavigationView.com.RWPickFlavor;
				PRODUCT_NAME = "$(TARGET_NAME:c99extidentifier)";
				SKIP_INSTALL = YES;
				SWIFT_EMIT_LOC_STRINGS = YES;
				SWIFT_VERSION = 4.2;
				TARGETED_DEVICE_FAMILY = "1,2";
			};
			name = Debug;
		};
		67CD14F128CCD2D00058A07A /* Release */ = {
			isa = XCBuildConfiguration;
			baseConfigurationReference = 961FE76CA6CF5A52555C8DB4 /* Pods-RWPickFlavor.release.xcconfig */;
			buildSettings = {
				CODE_SIGN_STYLE = Automatic;
				CURRENT_PROJECT_VERSION = 1;
				DEFINES_MODULE = YES;
				DEVELOPMENT_TEAM = 89QX5CKR8C;
				DYLIB_COMPATIBILITY_VERSION = 1;
				DYLIB_CURRENT_VERSION = 1;
				DYLIB_INSTALL_NAME_BASE = "@rpath";
				GENERATE_INFOPLIST_FILE = YES;
				INFOPLIST_KEY_NSHumanReadableCopyright = "";
				INSTALL_PATH = "$(LOCAL_LIBRARY_DIR)/Frameworks";
				LD_RUNPATH_SEARCH_PATHS = (
					"$(inherited)",
					"@executable_path/Frameworks",
					"@loader_path/Frameworks",
				);
				MARKETING_VERSION = 1.0;
				PRODUCT_BUNDLE_IDENTIFIER = com.NavigationView.com.RWPickFlavor;
				PRODUCT_NAME = "$(TARGET_NAME:c99extidentifier)";
				SKIP_INSTALL = YES;
				SWIFT_EMIT_LOC_STRINGS = YES;
				SWIFT_VERSION = 4.2;
				TARGETED_DEVICE_FAMILY = "1,2";
			};
			name = Release;
		};
		67CD14F328CCD2D00058A07A /* Debug */ = {
			isa = XCBuildConfiguration;
			buildSettings = {
				ALWAYS_EMBED_SWIFT_STANDARD_LIBRARIES = YES;
				CODE_SIGN_STYLE = Automatic;
				CURRENT_PROJECT_VERSION = 1;
				DEVELOPMENT_TEAM = 89QX5CKR8C;
				GENERATE_INFOPLIST_FILE = YES;
				MARKETING_VERSION = 1.0;
				PRODUCT_BUNDLE_IDENTIFIER = com.NavigationView.com.RWPickFlavorTests;
				PRODUCT_NAME = "$(TARGET_NAME)";
				SWIFT_EMIT_LOC_STRINGS = NO;
				SWIFT_VERSION = 5.0;
				TARGETED_DEVICE_FAMILY = "1,2";
			};
			name = Debug;
		};
		67CD14F428CCD2D00058A07A /* Release */ = {
			isa = XCBuildConfiguration;
			buildSettings = {
				ALWAYS_EMBED_SWIFT_STANDARD_LIBRARIES = YES;
				CODE_SIGN_STYLE = Automatic;
				CURRENT_PROJECT_VERSION = 1;
				DEVELOPMENT_TEAM = 89QX5CKR8C;
				GENERATE_INFOPLIST_FILE = YES;
				MARKETING_VERSION = 1.0;
				PRODUCT_BUNDLE_IDENTIFIER = com.NavigationView.com.RWPickFlavorTests;
				PRODUCT_NAME = "$(TARGET_NAME)";
				SWIFT_EMIT_LOC_STRINGS = NO;
				SWIFT_VERSION = 5.0;
				TARGETED_DEVICE_FAMILY = "1,2";
			};
			name = Release;
		};
/* End XCBuildConfiguration section */

/* Begin XCConfigurationList section */
		67CD14D528CCD2CF0058A07A /* Build configuration list for PBXProject "RWPickFlavor" */ = {
			isa = XCConfigurationList;
			buildConfigurations = (
				67CD14ED28CCD2D00058A07A /* Debug */,
				67CD14EE28CCD2D00058A07A /* Release */,
			);
			defaultConfigurationIsVisible = 0;
			defaultConfigurationName = Release;
		};
		67CD14EF28CCD2D00058A07A /* Build configuration list for PBXNativeTarget "RWPickFlavor" */ = {
			isa = XCConfigurationList;
			buildConfigurations = (
				67CD14F028CCD2D00058A07A /* Debug */,
				67CD14F128CCD2D00058A07A /* Release */,
			);
			defaultConfigurationIsVisible = 0;
			defaultConfigurationName = Release;
		};
		67CD14F228CCD2D00058A07A /* Build configuration list for PBXNativeTarget "RWPickFlavorTests" */ = {
			isa = XCConfigurationList;
			buildConfigurations = (
				67CD14F328CCD2D00058A07A /* Debug */,
				67CD14F428CCD2D00058A07A /* Release */,
			);
			defaultConfigurationIsVisible = 0;
			defaultConfigurationName = Release;
		};
/* End XCConfigurationList section */
	};
	rootObject = 67CD14D228CCD2CF0058A07A /* Project object */;
}
